
Microsoft Visual Studio Solution File, Format Version 12.00
# Visual Studio Version 16
VisualStudioVersion = 16.0.29001.49
MinimumVisualStudioVersion = 10.0.40219.1
Project("{FAE04EC0-301F-11D3-BF4B-00C04F79EFBC}") = "WindowsFormsApp", "WindowsFormsApp\WindowsFormsApp.csproj", "{DCF6CC7A-081F-47CE-B662-7DAFFE626453}"
EndProject
Global
	GlobalSection(SolutionConfigurationPlatforms) = preSolution
		Debug|Any CPU = Debug|Any CPU
		Release|Any CPU = Release|Any CPU
	EndGlobalSection
	GlobalSection(ProjectConfigurationPlatforms) = postSolution
		{DCF6CC7A-081F-47CE-B662-7DAFFE626453}.Debug|Any CPU.ActiveCfg = Debug|Any CPU
		{DCF6CC7A-081F-47CE-B662-7DAFFE626453}.Debug|Any CPU.Build.0 = Debug|Any CPU
		{DCF6CC7A-081F-47CE-B662-7DAFFE626453}.Release|Any CPU.ActiveCfg = Release|Any CPU
		{DCF6CC7A-081F-47CE-B662-7DAFFE626453}.Release|Any CPU.Build.0 = Release|Any CPU
	EndGlobalSection
	GlobalSection(SolutionProperties) = preSolution
		HideSolutionNode = FALSE
	EndGlobalSection
	GlobalSection(ExtensibilityGlobals) = postSolution
		SolutionGuid = {042EE686-C54F-4F6C-8150-2777BD131DDE}
	EndGlobalSection
EndGlobal
